
Microsoft Visual Studio Solution File, Format Version 12.00
# Visual Studio Version 16
VisualStudioVersion = 16.0.31205.134
MinimumVisualStudioVersion = 10.0.40219.1
Project("{FAE04EC0-301F-11D3-BF4B-00C04F79EFBC}") = "226BKomp", "226BKomp\226BKomp.csproj", "{50283384-E327-4D3A-908F-27583D583754}"
EndProject
Global
	GlobalSection(SolutionConfigurationPlatforms) = preSolution
		Debug|Any CPU = Debug|Any CPU
		Release|Any CPU = Release|Any CPU
	EndGlobalSection
	GlobalSection(ProjectConfigurationPlatforms) = postSolution
		{50283384-E327-4D3A-908F-27583D583754}.Debug|Any CPU.ActiveCfg = Debug|Any CPU
		{50283384-E327-4D3A-908F-27583D583754}.Debug|Any CPU.Build.0 = Debug|Any CPU
		{50283384-E327-4D3A-908F-27583D583754}.Release|Any CPU.ActiveCfg = Release|Any CPU
		{50283384-E327-4D3A-908F-27583D583754}.Release|Any CPU.Build.0 = Release|Any CPU
	EndGlobalSection
	GlobalSection(SolutionProperties) = preSolution
		HideSolutionNode = FALSE
	EndGlobalSection
	GlobalSection(ExtensibilityGlobals) = postSolution
		SolutionGuid = {29E119A4-68DA-469C-89F3-E54D48D1CE8E}
	EndGlobalSection
EndGlobal
